<?xml version="1.0" encoding="utf-8"?>
<Project ToolsVersion="4.0" xmlns="http://schemas.microsoft.com/developer/msbuild/2003">
  <ItemGroup>
    <Filter Include="Source Files">
      <UniqueIdentifier>{4FC737F1-C7A5-4376-A066-2A32D752A2FF}</UniqueIdentifier>
      <Extensions>cpp;c;cc;cxx;def;odl;idl;hpj;bat;asm;asmx</Extensions>
    </Filter>
    <Filter Include="Header Files">
      <UniqueIdentifier>{93995380-89BD-4b04-88EB-625FBE52EBFB}</UniqueIdentifier>
      <Extensions>h;hh;hpp;hxx;hm;inl;inc;xsd</Extensions>
    </Filter>
    <Filter Include="Resource Files">
      <UniqueIdentifier>{67DA6AB6-F800-4c08-8B7A-83BB121AAD01}</UniqueIdentifier>
      <Extensions>rc;ico;cur;bmp;dlg;rc2;rct;bin;rgs;gif;jpg;jpeg;jpe;resx;tiff;tif;png;wav;mfcribbon-ms</Extensions>
    </Filter>
  </ItemGroup>
  <ItemGroup>
    <ClCompile Include="..\..\game\src\shared.cpp">
      <Filter>Source Files</Filter>
    </ClCompile>
    <ClCompile Include="gl_glfw.cpp">
      <Filter>Source Files</Filter>
    </ClCompile>
    <ClCompile Include="..\win32\q_shwin.cpp">
      <Filter>Source Files</Filter>
    </ClCompile>
    <ClCompile Include="external\src\glad.c">
      <Filter>Source Files</Filter>
    </ClCompile>
    <ClCompile Include="gl_draw.cpp">
      <Filter>Source Files</Filter>
    </ClCompile>
    <ClCompile Include="gl_image.cpp">
      <Filter>Source Files</Filter>
    </ClCompile>
    <ClCompile Include="gl_light.cpp">
      <Filter>Source Files</Filter>
    </ClCompile>
    <ClCompile Include="gl_model.cpp">
      <Filter>Source Files</Filter>
    </ClCompile>
    <ClCompile Include="gl_map_loader.cpp">
      <Filter>Source Files</Filter>
    </ClCompile>
    <ClCompile Include="gl_rmain.cpp">
      <Filter>Source Files</Filter>
    </ClCompile>
    <ClCompile Include="gl_rmisc.cpp">
      <Filter>Source Files</Filter>
    </ClCompile>
    <ClCompile Include="gl_rsurf.cpp">
      <Filter>Source Files</Filter>
    </ClCompile>
    <ClCompile Include="gl_sprite.cpp">
      <Filter>Source Files</Filter>
    </ClCompile>
    <ClCompile Include="gl_warp.cpp">
      <Filter>Source Files</Filter>
    </ClCompile>
  </ItemGroup>
  <ItemGroup>
    <None Include="ref_gl.def">
      <Filter>Resource Files</Filter>
    </None>
  </ItemGroup>
  <ItemGroup>
    <ClInclude Include="..\client\ref.hpp">
      <Filter>Header Files</Filter>
    </ClInclude>
    <ClInclude Include="..\..\game\src\shared.hpp">
      <Filter>Header Files</Filter>
    </ClInclude>
    <ClInclude Include="..\qcommon\common.hpp">
      <Filter>Header Files</Filter>
    </ClInclude>
    <ClInclude Include="anorms.hpp">
      <Filter>Header Files</Filter>
    </ClInclude>
    <ClInclude Include="anormtab.hpp">
      <Filter>Header Files</Filter>
    </ClInclude>
    <ClInclude Include="external\include\glad\gl.hpp">
      <Filter>Header Files</Filter>
    </ClInclude>
    <ClInclude Include="external\include\GLFW\glfw3.hpp">
      <Filter>Header Files</Filter>
    </ClInclude>
    <ClInclude Include="external\include\GLFW\glfw3native.hpp">
      <Filter>Header Files</Filter>
    </ClInclude>
    <ClInclude Include="external\include\KHR\khrplatform.hpp">
      <Filter>Header Files</Filter>
    </ClInclude>
    <ClInclude Include="gl_state.hpp">
      <Filter>Header Files</Filter>
    </ClInclude>
    <ClInclude Include="gl_local.hpp">
      <Filter>Header Files</Filter>
    </ClInclude>
    <ClInclude Include="gl_model.hpp">
      <Filter>Header Files</Filter>
    </ClInclude>
    <ClInclude Include="warpsin.hpp">
      <Filter>Header Files</Filter>
    </ClInclude>
  </ItemGroup>
</Project>