<?xml version="1.0" encoding="utf-8"?>
<Project ToolsVersion="4.0" xmlns="http://schemas.microsoft.com/developer/msbuild/2003">
  <ItemGroup>
    <Filter Include="Source Files">
      <UniqueIdentifier>{4FC737F1-C7A5-4376-A066-2A32D752A2FF}</UniqueIdentifier>
      <Extensions>cpp;c;cc;cxx;c++;cppm;ixx;def;odl;idl;hpj;bat;asm;asmx</Extensions>
    </Filter>
    <Filter Include="Header Files">
      <UniqueIdentifier>{93995380-89BD-4b04-88EB-625FBE52EBFB}</UniqueIdentifier>
      <Extensions>h;hh;hpp;hxx;h++;hm;inl;inc;ipp;xsd</Extensions>
    </Filter>
    <Filter Include="Resource Files">
      <UniqueIdentifier>{67DA6AB6-F800-4c08-8B7A-83BB121AAD01}</UniqueIdentifier>
      <Extensions>rc;ico;cur;bmp;dlg;rc2;rct;bin;rgs;gif;jpg;jpeg;jpe;resx;tiff;tif;png;wav;mfcribbon-ms</Extensions>
    </Filter>
  </ItemGroup>
  <ItemGroup>
    <ClInclude Include="game\game.hpp">
      <Filter>Header Files</Filter>
    </ClInclude>
    <ClInclude Include="..\game\src\shared.hpp">
      <Filter>Header Files</Filter>
    </ClInclude>
    <ClInclude Include="common\curl\curl.hpp">
      <Filter>Header Files</Filter>
    </ClInclude>
    <ClInclude Include="common\curl\curlver.hpp">
      <Filter>Header Files</Filter>
    </ClInclude>
    <ClInclude Include="common\curl\easy.hpp">
      <Filter>Header Files</Filter>
    </ClInclude>
    <ClInclude Include="common\curl\header.hpp">
      <Filter>Header Files</Filter>
    </ClInclude>
    <ClInclude Include="common\curl\mprintf.hpp">
      <Filter>Header Files</Filter>
    </ClInclude>
    <ClInclude Include="common\curl\multi.hpp">
      <Filter>Header Files</Filter>
    </ClInclude>
    <ClInclude Include="common\curl\options.hpp">
      <Filter>Header Files</Filter>
    </ClInclude>
    <ClInclude Include="common\curl\stdcheaders.hpp">
      <Filter>Header Files</Filter>
    </ClInclude>
    <ClInclude Include="common\curl\system.hpp">
      <Filter>Header Files</Filter>
    </ClInclude>
    <ClInclude Include="common\curl\typecheck-gcc.hpp">
      <Filter>Header Files</Filter>
    </ClInclude>
    <ClInclude Include="common\curl\urlapi.hpp">
      <Filter>Header Files</Filter>
    </ClInclude>
    <ClInclude Include="common\curl\websockets.hpp">
      <Filter>Header Files</Filter>
    </ClInclude>
    <ClInclude Include="common\formats\bsp.hpp">
      <Filter>Header Files</Filter>
    </ClInclude>
    <ClInclude Include="common\formats\md2.hpp">
      <Filter>Header Files</Filter>
    </ClInclude>
    <ClInclude Include="common\formats\pak.hpp">
      <Filter>Header Files</Filter>
    </ClInclude>
    <ClInclude Include="common\formats\sp2.hpp">
      <Filter>Header Files</Filter>
    </ClInclude>
    <ClInclude Include="common\netservices\netservices.hpp">
      <Filter>Header Files</Filter>
    </ClInclude>
    <ClInclude Include="common\pdjson.hpp">
      <Filter>Header Files</Filter>
    </ClInclude>
    <ClInclude Include="common\common.hpp">
      <Filter>Header Files</Filter>
    </ClInclude>
    <ClInclude Include="common\version.hpp">
      <Filter>Header Files</Filter>
    </ClInclude>
    <ClInclude Include="server\server.hpp">
      <Filter>Header Files</Filter>
    </ClInclude>
    <ClInclude Include="win32\conproc.hpp">
      <Filter>Header Files</Filter>
    </ClInclude>
    <ClInclude Include="win32\resource.hpp">
      <Filter>Header Files</Filter>
    </ClInclude>
    <ClInclude Include="win32\winquake.hpp">
      <Filter>Header Files</Filter>
    </ClInclude>
    <ClInclude Include="common\formats\zmdl.hpp">
      <Filter>Header Files</Filter>
    </ClInclude>
  </ItemGroup>
  <ItemGroup>
    <ClCompile Include="common\cpuid.cpp">
      <Filter>Source Files</Filter>
    </ClCompile>
    <ClCompile Include="common\netservices\netservices_account.cpp">
      <Filter>Source Files</Filter>
    </ClCompile>
    <ClCompile Include="..\game\src\shared.cpp">
      <Filter>Source Files</Filter>
    </ClCompile>
    <ClCompile Include="null\cl_null.cpp">
      <Filter>Source Files</Filter>
    </ClCompile>
    <ClCompile Include="null\glfw_null.cpp">
      <Filter>Source Files</Filter>
    </ClCompile>
    <ClCompile Include="null\in_null.cpp">
      <Filter>Source Files</Filter>
    </ClCompile>
    <ClCompile Include="null\vid_null.cpp">
      <Filter>Source Files</Filter>
    </ClCompile>
    <ClCompile Include="common\cmd.cpp">
      <Filter>Source Files</Filter>
    </ClCompile>
    <ClCompile Include="common\common.cpp">
      <Filter>Source Files</Filter>
    </ClCompile>
    <ClCompile Include="common\crc.cpp">
      <Filter>Source Files</Filter>
    </ClCompile>
    <ClCompile Include="common\cvar.cpp">
      <Filter>Source Files</Filter>
    </ClCompile>
    <ClCompile Include="common\files.cpp">
      <Filter>Source Files</Filter>
    </ClCompile>
    <ClCompile Include="common\gameinfo.cpp">
      <Filter>Source Files</Filter>
    </ClCompile>
    <ClCompile Include="common\localisation.cpp">
      <Filter>Source Files</Filter>
    </ClCompile>
    <ClCompile Include="common\map_loader.cpp">
      <Filter>Source Files</Filter>
    </ClCompile>
    <ClCompile Include="common\md4.cpp">
      <Filter>Source Files</Filter>
    </ClCompile>
    <ClCompile Include="common\netservices\netservices_base.cpp">
      <Filter>Source Files</Filter>
    </ClCompile>
    <ClCompile Include="common\netservices\netservices_masterserver.cpp">
      <Filter>Source Files</Filter>
    </ClCompile>
    <ClCompile Include="common\netservices\netservices_update.cpp">
      <Filter>Source Files</Filter>
    </ClCompile>
    <ClCompile Include="common\net_chan.cpp">
      <Filter>Source Files</Filter>
    </ClCompile>
    <ClCompile Include="common\pdjson.cpp">
      <Filter>Source Files</Filter>
    </ClCompile>
    <ClCompile Include="common\pmove.cpp">
      <Filter>Source Files</Filter>
    </ClCompile>
    <ClCompile Include="server\server_console_commands.cpp">
      <Filter>Source Files</Filter>
    </ClCompile>
    <ClCompile Include="server\server_entities.cpp">
      <Filter>Source Files</Filter>
    </ClCompile>
    <ClCompile Include="server\server_game.cpp">
      <Filter>Source Files</Filter>
    </ClCompile>
    <ClCompile Include="server\server_hack_protection.cpp">
      <Filter>Source Files</Filter>
    </ClCompile>
    <ClCompile Include="server\server_init.cpp">
      <Filter>Source Files</Filter>
    </ClCompile>
    <ClCompile Include="server\server_main.cpp">
      <Filter>Source Files</Filter>
    </ClCompile>
    <ClCompile Include="server\server_master.cpp">
      <Filter>Source Files</Filter>
    </ClCompile>
    <ClCompile Include="server\server_send.cpp">
      <Filter>Source Files</Filter>
    </ClCompile>
    <ClCompile Include="server\server_user.cpp">
      <Filter>Source Files</Filter>
    </ClCompile>
    <ClCompile Include="server\server_world.cpp">
      <Filter>Source Files</Filter>
    </ClCompile>
    <ClCompile Include="win32\conproc.cpp">
      <Filter>Source Files</Filter>
    </ClCompile>
    <ClCompile Include="win32\net_wins.cpp">
      <Filter>Source Files</Filter>
    </ClCompile>
    <ClCompile Include="win32\q_shwin.cpp">
      <Filter>Source Files</Filter>
    </ClCompile>
    <ClCompile Include="win32\sys_win.cpp">
      <Filter>Source Files</Filter>
    </ClCompile>
  </ItemGroup>
  <ItemGroup>
    <ResourceCompile Include="win32\Zombono.rc">
      <Filter>Resource Files</Filter>
    </ResourceCompile>
  </ItemGroup>
</Project>