<?xml version="1.0" encoding="utf-8"?>
<Project ToolsVersion="4.0" xmlns="http://schemas.microsoft.com/developer/msbuild/2003">
  <ItemGroup>
    <Filter Include="Source Files">
      <UniqueIdentifier>{4FC737F1-C7A5-4376-A066-2A32D752A2FF}</UniqueIdentifier>
      <Extensions>cpp;c;cc;cxx;def;odl;idl;hpj;bat;asm;asmx</Extensions>
    </Filter>
    <Filter Include="Header Files">
      <UniqueIdentifier>{93995380-89BD-4b04-88EB-625FBE52EBFB}</UniqueIdentifier>
      <Extensions>h;hh;hpp;hxx;hm;inl;inc;xsd</Extensions>
    </Filter>
    <Filter Include="Resource Files">
      <UniqueIdentifier>{67DA6AB6-F800-4c08-8B7A-83BB121AAD01}</UniqueIdentifier>
      <Extensions>rc;ico;cur;bmp;dlg;rc2;rct;bin;rgs;gif;jpg;jpeg;jpe;resx;tiff;tif;png;wav;mfcribbon-ms</Extensions>
    </Filter>
  </ItemGroup>
  <ItemGroup>
    <ClCompile Include="client\base\client_commands.cpp">
      <Filter>Source Files</Filter>
    </ClCompile>
    <ClCompile Include="client\base\client_commands_download.cpp">
      <Filter>Source Files</Filter>
    </ClCompile>
    <ClCompile Include="client\base\client_cvars.cpp">
      <Filter>Source Files</Filter>
    </ClCompile>
    <ClCompile Include="client\base\client_commands_demo.cpp">
      <Filter>Source Files</Filter>
    </ClCompile>
    <ClCompile Include="client\base\client_event.cpp">
      <Filter>Source Files</Filter>
    </ClCompile>
    <ClCompile Include="client\entity\entity_client.cpp">
      <Filter>Source Files</Filter>
    </ClCompile>
    <ClCompile Include="client\fx\fx_beam.cpp">
      <Filter>Source Files</Filter>
    </ClCompile>
    <ClCompile Include="client\fx\fx_dlight.cpp">
      <Filter>Source Files</Filter>
    </ClCompile>
    <ClCompile Include="client\fx\fx_explosion.cpp">
      <Filter>Source Files</Filter>
    </ClCompile>
    <ClCompile Include="client\fx\fx_lightstyle.cpp">
      <Filter>Source Files</Filter>
    </ClCompile>
    <ClCompile Include="client\intro\intro.cpp">
      <Filter>Source Files</Filter>
    </ClCompile>
    <ClCompile Include="client\loadout\loadout.cpp">
      <Filter>Source Files</Filter>
    </ClCompile>
    <ClCompile Include="client\input\input_mouse.cpp">
      <Filter>Source Files</Filter>
    </ClCompile>
    <ClCompile Include="client\ui\settings\ui_settings_sound.cpp">
      <Filter>Source Files</Filter>
    </ClCompile>
    <ClCompile Include="client\ui\settings\ui_settings_graphics.cpp">
      <Filter>Source Files</Filter>
    </ClCompile>
    <ClCompile Include="client\ui\ui_killfeed.cpp">
      <Filter>Source Files</Filter>
    </ClCompile>
    <ClCompile Include="client\ui\settings\ui_settings_controls.cpp">
      <Filter>Source Files</Filter>
    </ClCompile>
    <ClCompile Include="client\ui\settings\ui_settings_game.cpp">
      <Filter>Source Files</Filter>
    </ClCompile>
    <ClCompile Include="common\cpuid.cpp">
      <Filter>Source Files</Filter>
    </ClCompile>
    <ClCompile Include="common\localisation.cpp">
      <Filter>Source Files</Filter>
    </ClCompile>
    <ClCompile Include="client\ui\ui_mainmenu.cpp">
      <Filter>Source Files</Filter>
    </ClCompile>
    <ClCompile Include="client\text\text.cpp">
      <Filter>Source Files</Filter>
    </ClCompile>
    <ClCompile Include="client\fx\fx_particles.cpp">
      <Filter>Source Files</Filter>
    </ClCompile>
    <ClCompile Include="client\input\input_base.cpp">
      <Filter>Source Files</Filter>
    </ClCompile>
    <ClCompile Include="client\base\client_main.cpp">
      <Filter>Source Files</Filter>
    </ClCompile>
    <ClCompile Include="client\base\client_parse.cpp">
      <Filter>Source Files</Filter>
    </ClCompile>
    <ClCompile Include="client\base\client_prediction.cpp">
      <Filter>Source Files</Filter>
    </ClCompile>
    <ClCompile Include="client\render\render_2d.cpp">
      <Filter>Source Files</Filter>
    </ClCompile>
    <ClCompile Include="client\entity\entity_tempent.cpp">
      <Filter>Source Files</Filter>
    </ClCompile>
    <ClCompile Include="client\text\text_font.cpp">
      <Filter>Source Files</Filter>
    </ClCompile>
    <ClCompile Include="client\ui\ui.cpp">
      <Filter>Source Files</Filter>
    </ClCompile>
    <ClCompile Include="client\ui\ui_eventhandling.cpp">
      <Filter>Source Files</Filter>
    </ClCompile>
    <ClCompile Include="client\ui\ui_leaderboard.cpp">
      <Filter>Source Files</Filter>
    </ClCompile>
    <ClCompile Include="client\ui\ui_mainmenu_browseservers.cpp">
      <Filter>Source Files</Filter>
    </ClCompile>
    <ClCompile Include="client\ui\ui_mainmenu_quickstart.cpp">
      <Filter>Source Files</Filter>
    </ClCompile>
    <ClCompile Include="client\ui\ui_mainmenu_quit.cpp">
      <Filter>Source Files</Filter>
    </ClCompile>
    <ClCompile Include="client\ui\ui_mainmenu_settings.cpp">
      <Filter>Source Files</Filter>
    </ClCompile>
    <ClCompile Include="client\ui\ui_mainmenu_zombietv.cpp">
      <Filter>Source Files</Filter>
    </ClCompile>
    <ClCompile Include="client\ui\ui_scripts.cpp">
      <Filter>Source Files</Filter>
    </ClCompile>
    <ClCompile Include="client\render\render_3d.cpp">
      <Filter>Source Files</Filter>
    </ClCompile>
    <ClCompile Include="client\console\console.cpp">
      <Filter>Source Files</Filter>
    </ClCompile>
    <ClCompile Include="client\input\input_events.cpp">
      <Filter>Source Files</Filter>
    </ClCompile>
    <ClCompile Include="client\sound\sound_dma.cpp">
      <Filter>Source Files</Filter>
    </ClCompile>
    <ClCompile Include="client\sound\sound_mem.cpp">
      <Filter>Source Files</Filter>
    </ClCompile>
    <ClCompile Include="client\sound\sound_miniaudio.cpp">
      <Filter>Source Files</Filter>
    </ClCompile>
    <ClCompile Include="client\sound\sound_mix.cpp">
      <Filter>Source Files</Filter>
    </ClCompile>
    <ClCompile Include="client\render\render_interface.cpp">
      <Filter>Source Files</Filter>
    </ClCompile>
    <ClCompile Include="common\netservices\netservices_account.cpp">
      <Filter>Source Files</Filter>
    </ClCompile>
    <ClCompile Include="..\game\src\gameplay\game_monster_flash.cpp">
      <Filter>Source Files</Filter>
    </ClCompile>
    <ClCompile Include="common\cmd.cpp">
      <Filter>Source Files</Filter>
    </ClCompile>
    <ClCompile Include="common\gameinfo.cpp">
      <Filter>Source Files</Filter>
    </ClCompile>
    <ClCompile Include="common\map_loader.cpp">
      <Filter>Source Files</Filter>
    </ClCompile>
    <ClCompile Include="common\common.cpp">
      <Filter>Source Files</Filter>
    </ClCompile>
    <ClCompile Include="common\crc.cpp">
      <Filter>Source Files</Filter>
    </ClCompile>
    <ClCompile Include="common\cvar.cpp">
      <Filter>Source Files</Filter>
    </ClCompile>
    <ClCompile Include="common\files.cpp">
      <Filter>Source Files</Filter>
    </ClCompile>
    <ClCompile Include="common\md4.cpp">
      <Filter>Source Files</Filter>
    </ClCompile>
    <ClCompile Include="common\netservices\netservices_base.cpp">
      <Filter>Source Files</Filter>
    </ClCompile>
    <ClCompile Include="common\netservices\netservices_masterserver.cpp">
      <Filter>Source Files</Filter>
    </ClCompile>
    <ClCompile Include="common\netservices\netservices_update.cpp">
      <Filter>Source Files</Filter>
    </ClCompile>
    <ClCompile Include="common\net_chan.cpp">
      <Filter>Source Files</Filter>
    </ClCompile>
    <ClCompile Include="common\pdjson.cpp">
      <Filter>Source Files</Filter>
    </ClCompile>
    <ClCompile Include="common\pmove.cpp">
      <Filter>Source Files</Filter>
    </ClCompile>
    <ClCompile Include="server\server_console_commands.cpp">
      <Filter>Source Files</Filter>
    </ClCompile>
    <ClCompile Include="server\server_entities.cpp">
      <Filter>Source Files</Filter>
    </ClCompile>
    <ClCompile Include="server\server_game.cpp">
      <Filter>Source Files</Filter>
    </ClCompile>
    <ClCompile Include="server\server_init.cpp">
      <Filter>Source Files</Filter>
    </ClCompile>
    <ClCompile Include="server\server_main.cpp">
      <Filter>Source Files</Filter>
    </ClCompile>
    <ClCompile Include="server\server_master.cpp">
      <Filter>Source Files</Filter>
    </ClCompile>
    <ClCompile Include="server\server_send.cpp">
      <Filter>Source Files</Filter>
    </ClCompile>
    <ClCompile Include="server\server_user.cpp">
      <Filter>Source Files</Filter>
    </ClCompile>
    <ClCompile Include="server\server_world.cpp">
      <Filter>Source Files</Filter>
    </ClCompile>
    <ClCompile Include="server\server_hack_protection.cpp">
      <Filter>Source Files</Filter>
    </ClCompile>
    <ClCompile Include="win32\conproc.cpp">
      <Filter>Source Files</Filter>
    </ClCompile>
    <ClCompile Include="win32\net_wins.cpp">
      <Filter>Source Files</Filter>
    </ClCompile>
    <ClCompile Include="win32\q_shwin.cpp">
      <Filter>Source Files</Filter>
    </ClCompile>
    <ClCompile Include="win32\snd_win.cpp">
      <Filter>Source Files</Filter>
    </ClCompile>
    <ClCompile Include="win32\sys_win.cpp">
      <Filter>Source Files</Filter>
    </ClCompile>
    <ClCompile Include="client\console\console_ui.cpp">
      <Filter>Source Files</Filter>
    </ClCompile>
    <ClCompile Include="shared\shared.cpp">
      <Filter>Source Files</Filter>
    </ClCompile>
    <ClCompile Include="client\ui\ui_game_interface.cpp">
      <Filter>Source Files</Filter>
    </ClCompile>
  </ItemGroup>
  <ItemGroup>
    <ResourceCompile Include="win32\Zombono.rc">
      <Filter>Resource Files</Filter>
    </ResourceCompile>
  </ItemGroup>
  <ItemGroup>
    <ClInclude Include="client\include\anorms.hpp">
      <Filter>Header Files</Filter>
    </ClInclude>
    <ClInclude Include="client\client.hpp">
      <Filter>Header Files</Filter>
    </ClInclude>
    <ClInclude Include="client\include\console.hpp">
      <Filter>Header Files</Filter>
    </ClInclude>
    <ClInclude Include="client\include\input.hpp">
      <Filter>Header Files</Filter>
    </ClInclude>
    <ClInclude Include="client\include\input_keys.hpp">
      <Filter>Header Files</Filter>
    </ClInclude>
    <ClInclude Include="client\include\miniaudio.hpp">
      <Filter>Header Files</Filter>
    </ClInclude>
    <ClInclude Include="client\include\menu_framework.hpp">
      <Filter>Header Files</Filter>
    </ClInclude>
    <ClInclude Include="client\include\ref.hpp">
      <Filter>Header Files</Filter>
    </ClInclude>
    <ClInclude Include="client\include\render.hpp">
      <Filter>Header Files</Filter>
    </ClInclude>
    <ClInclude Include="client\include\sound.hpp">
      <Filter>Header Files</Filter>
    </ClInclude>
    <ClInclude Include="client\include\sound_miniaudio.hpp">
      <Filter>Header Files</Filter>
    </ClInclude>
    <ClInclude Include="client\include\ui.hpp">
      <Filter>Header Files</Filter>
    </ClInclude>
    <ClInclude Include="client\include\vid.hpp">
      <Filter>Header Files</Filter>
    </ClInclude>
    <ClInclude Include="game\game.hpp">
      <Filter>Header Files</Filter>
    </ClInclude>
    <ClInclude Include="common\formats\bsp.hpp">
      <Filter>Header Files</Filter>
    </ClInclude>
    <ClInclude Include="common\curl\curl.h">
      <Filter>Header Files</Filter>
    </ClInclude>
    <ClInclude Include="common\curl\curlver.h">
      <Filter>Header Files</Filter>
    </ClInclude>
    <ClInclude Include="common\curl\easy.h">
      <Filter>Header Files</Filter>
    </ClInclude>
    <ClInclude Include="common\curl\header.h">
      <Filter>Header Files</Filter>
    </ClInclude>
    <ClInclude Include="common\curl\mprintf.h">
      <Filter>Header Files</Filter>
    </ClInclude>
    <ClInclude Include="common\curl\multi.h">
      <Filter>Header Files</Filter>
    </ClInclude>
    <ClInclude Include="common\curl\options.h">
      <Filter>Header Files</Filter>
    </ClInclude>
    <ClInclude Include="common\curl\stdcheaders.h">
      <Filter>Header Files</Filter>
    </ClInclude>
    <ClInclude Include="common\curl\system.h">
      <Filter>Header Files</Filter>
    </ClInclude>
    <ClInclude Include="common\curl\typecheck-gcc.h">
      <Filter>Header Files</Filter>
    </ClInclude>
    <ClInclude Include="common\curl\urlapi.h">
      <Filter>Header Files</Filter>
    </ClInclude>
    <ClInclude Include="common\curl\websockets.h">
      <Filter>Header Files</Filter>
    </ClInclude>
    <ClInclude Include="common\formats\md2.hpp">
      <Filter>Header Files</Filter>
    </ClInclude>
    <ClInclude Include="common\netservices\netservices.hpp">
      <Filter>Header Files</Filter>
    </ClInclude>
    <ClInclude Include="common\formats\pak.hpp">
      <Filter>Header Files</Filter>
    </ClInclude>
    <ClInclude Include="common\pdjson.hpp">
      <Filter>Header Files</Filter>
    </ClInclude>
    <ClInclude Include="common\common.hpp">
      <Filter>Header Files</Filter>
    </ClInclude>
    <ClInclude Include="common\formats\sp2.hpp">
      <Filter>Header Files</Filter>
    </ClInclude>
    <ClInclude Include="common\version.hpp">
      <Filter>Header Files</Filter>
    </ClInclude>
    <ClInclude Include="server\server.hpp">
      <Filter>Header Files</Filter>
    </ClInclude>
    <ClInclude Include="win32\conproc.hpp">
      <Filter>Header Files</Filter>
    </ClInclude>
    <ClInclude Include="win32\resource.hpp">
      <Filter>Header Files</Filter>
    </ClInclude>
    <ClInclude Include="win32\winquake.hpp">
      <Filter>Header Files</Filter>
    </ClInclude>
    <ClInclude Include="shared\shared.hpp">
      <Filter>Header Files</Filter>
    </ClInclude>
    <ClInclude Include="common\mathlib.hpp">
      <Filter>Header Files</Filter>
    </ClInclude>
    <ClInclude Include="client\include\ui_game_interface.hpp">
      <Filter>Header Files</Filter>
    </ClInclude>
  </ItemGroup>
  <ItemGroup>
    <Image Include="win32\zombono.ico">
      <Filter>Resource Files</Filter>
    </Image>
  </ItemGroup>
</Project>